{
    "_readme": [
        "This file locks the dependencies of your project to a known state",
        "Read more about it at https://getcomposer.org/doc/01-basic-usage.md#installing-dependencies",
        "This file is @generated automatically"
    ],
    "content-hash": "0a528300e084e082ba03c31f602f9b30",
    "packages": [
        {
            "name": "deanblackborough/php-quill-renderer",
            "version": "v1.01.1",
            "source": {
                "type": "git",
                "url": "https://github.com/deanblackborough/php-quill-renderer.git",
                "reference": "dd3fcade9987e94182e9faec2aa1ac3628338885"
            },
            "dist": {
                "type": "zip",
                "url": "https://api.github.com/repos/deanblackborough/php-quill-renderer/zipball/dd3fcade9987e94182e9faec2aa1ac3628338885",
                "reference": "dd3fcade9987e94182e9faec2aa1ac3628338885",
                "shasum": ""
            },
            "require": {
                "php": "^5.6 || ^7.0"
            },
            "require-dev": {
                "phpunit/phpunit": "^6"
            },
            "type": "library",
            "autoload": {
                "psr-4": {
                    "DBlackborough\\Quill\\": "src/"
                }
            },
            "notification-url": "https://packagist.org/downloads/",
            "license": [
                "MIT"
            ],
            "authors": [
                {
                    "name": "Dean Blackborough",
                    "email": "dean@g3d-development.com"
                }
            ],
            "description": "Render quill insert deltas to HTML and soon markdown",
            "homepage": "https://github.com/deanblackborough/php-quill-renderer",
            "keywords": [
                "delta",
                "html",
                "parse",
                "quill",
                "quilljs",
                "renderer"
            ],
            "time": "2017-09-11T14:00:03+00:00"
        },
        {
            "name": "pixel418/markdownify",
            "version": "v2.3.0",
            "source": {
                "type": "git",
                "url": "https://github.com/Elephant418/Markdownify.git",
                "reference": "ddacf31a4f3445ed7944e20f4b85163d2e8a9b19"
            },
            "dist": {
                "type": "zip",
                "url": "https://api.github.com/repos/Elephant418/Markdownify/zipball/ddacf31a4f3445ed7944e20f4b85163d2e8a9b19",
                "reference": "ddacf31a4f3445ed7944e20f4b85163d2e8a9b19",
                "shasum": ""
            },
            "require": {
                "php": ">=5.4.0"
            },
            "require-dev": {
                "phpunit/phpunit": "^4.8"
            },
            "type": "lib",
            "autoload": {
                "psr-4": {
                    "Markdownify\\": "src",
                    "Test\\Markdownify\\": "test"
                }
            },
            "notification-url": "https://packagist.org/downloads/",
            "license": [
                "MIT"
            ],
            "authors": [
                {
                    "name": "Milian Wolff",
                    "email": "mail@milianw.de",
                    "homepage": "http://milianw.de"
                },
                {
                    "name": "Thomas Zilliox",
                    "email": "hello@tzi.fr",
                    "homepage": "https://tzi.fr"
                }
            ],
            "description": "The HTML to Markdown converter for PHP ",
            "homepage": "https://github.com/elephant418/Markdownify",
            "keywords": [
                "converter",
                "html",
                "markdown",
                "markdownify"
            ],
            "time": "2018-03-27T14:58:56+00:00"
        }
    ],
    "packages-dev": [],
    "aliases": [],
    "minimum-stability": "stable",
    "stability-flags": [],
    "prefer-stable": false,
    "prefer-lowest": false,
    "platform": {
        "php": ">=5.4.0"
    },
    "platform-dev": []
}
